
Microsoft Visual Studio Solution File, Format Version 12.00
# Visual Studio Version 17
VisualStudioVersion = 17.5.33530.505
MinimumVisualStudioVersion = 10.0.40219.1
Project("{FAE04EC0-301F-11D3-BF4B-00C04F79EFBC}") = "POS_app", "POS_app\POS_app.csproj", "{A44CA92D-51C7-466D-A19C-4C637D30DFBA}"
EndProject
Global
	GlobalSection(SolutionConfigurationPlatforms) = preSolution
		Debug|Any CPU = Debug|Any CPU
		Release|Any CPU = Release|Any CPU
	EndGlobalSection
	GlobalSection(ProjectConfigurationPlatforms) = postSolution
		{A44CA92D-51C7-466D-A19C-4C637D30DFBA}.Debug|Any CPU.ActiveCfg = Debug|Any CPU
		{A44CA92D-51C7-466D-A19C-4C637D30DFBA}.Debug|Any CPU.Build.0 = Debug|Any CPU
		{A44CA92D-51C7-466D-A19C-4C637D30DFBA}.Release|Any CPU.ActiveCfg = Release|Any CPU
		{A44CA92D-51C7-466D-A19C-4C637D30DFBA}.Release|Any CPU.Build.0 = Release|Any CPU
	EndGlobalSection
	GlobalSection(SolutionProperties) = preSolution
		HideSolutionNode = FALSE
	EndGlobalSection
	GlobalSection(ExtensibilityGlobals) = postSolution
		SolutionGuid = {16B48994-23CA-4A1B-BC2F-B7A8843BCB59}
	EndGlobalSection
EndGlobal
